// !$*UTF8*$!
{
	archiveVersion = 1;
	classes = {
	};
	objectVersion = 56;
	objects = {

/* Begin PBXBuildFile section */
		2EC39969115BDAAEB514C568 /* Pods_Recipify.framework in Frameworks */ = {isa = PBXBuildFile; fileRef = 5FF87708730ADA640742FB38 /* Pods_Recipify.framework */; };
		6D07E2A32B85D30500FB00E9 /* EditProfileTableCell.swift in Sources */ = {isa = PBXBuildFile; fileRef = 6D07E2A12B85D30500FB00E9 /* EditProfileTableCell.swift */; };
		6D07E2A42B85D30500FB00E9 /* EditProfileTableCell.xib in Resources */ = {isa = PBXBuildFile; fileRef = 6D07E2A22B85D30500FB00E9 /* EditProfileTableCell.xib */; };
		6D07E2A62B85D6C100FB00E9 /* EditProfileViewModel.swift in Sources */ = {isa = PBXBuildFile; fileRef = 6D07E2A52B85D6C100FB00E9 /* EditProfileViewModel.swift */; };
		6D07E2A92B85D8B400FB00E9 /* EditProfileBtnTableCell.swift in Sources */ = {isa = PBXBuildFile; fileRef = 6D07E2A72B85D8B400FB00E9 /* EditProfileBtnTableCell.swift */; };
		6D07E2AA2B85D8B400FB00E9 /* EditProfileBtnTableCell.xib in Resources */ = {isa = PBXBuildFile; fileRef = 6D07E2A82B85D8B400FB00E9 /* EditProfileBtnTableCell.xib */; };
		6D1D6C902B7B36C7009DEDBC /* SavedRecipesCell.swift in Sources */ = {isa = PBXBuildFile; fileRef = 6D1D6C8E2B7B36C7009DEDBC /* SavedRecipesCell.swift */; };
		6D1D6C912B7B36C7009DEDBC /* SavedRecipesCell.xib in Resources */ = {isa = PBXBuildFile; fileRef = 6D1D6C8F2B7B36C7009DEDBC /* SavedRecipesCell.xib */; };
		6D243EAC2B72084600F64C28 /* RecipeIngridientPresenter.swift in Sources */ = {isa = PBXBuildFile; fileRef = 6D243EAB2B72084600F64C28 /* RecipeIngridientPresenter.swift */; };
		6D243EAF2B72089400F64C28 /* RecipeIngridientViewModel.swift in Sources */ = {isa = PBXBuildFile; fileRef = 6D243EAE2B72089400F64C28 /* RecipeIngridientViewModel.swift */; };
		6D243EB12B721D5B00F64C28 /* RecipeInstructionPresenter.swift in Sources */ = {isa = PBXBuildFile; fileRef = 6D243EB02B721D5B00F64C28 /* RecipeInstructionPresenter.swift */; };
		6D243EB32B721D8100F64C28 /* RecipeInstructionViewModel.swift in Sources */ = {isa = PBXBuildFile; fileRef = 6D243EB22B721D8100F64C28 /* RecipeInstructionViewModel.swift */; };
		6D243EC22B72580700F64C28 /* PageMenuViewController.swift in Sources */ = {isa = PBXBuildFile; fileRef = 6D243EC12B72580700F64C28 /* PageMenuViewController.swift */; };
		6D243EC72B736D5E00F64C28 /* SimilarRecipesWorker.swift in Sources */ = {isa = PBXBuildFile; fileRef = 6D243EC62B736D5E00F64C28 /* SimilarRecipesWorker.swift */; };
		6D243EC92B736D6D00F64C28 /* SimilarRecipesInteractor.swift in Sources */ = {isa = PBXBuildFile; fileRef = 6D243EC82B736D6D00F64C28 /* SimilarRecipesInteractor.swift */; };
		6D243ECB2B736DE300F64C28 /* SimilarRecipesViewController.swift in Sources */ = {isa = PBXBuildFile; fileRef = 6D243ECA2B736DE300F64C28 /* SimilarRecipesViewController.swift */; };
		6D243ECD2B737E7700F64C28 /* SimilarRecipeModel.swift in Sources */ = {isa = PBXBuildFile; fileRef = 6D243ECC2B737E7700F64C28 /* SimilarRecipeModel.swift */; };
		6D243ECF2B7382E500F64C28 /* CustomTableViewCell.swift in Sources */ = {isa = PBXBuildFile; fileRef = 6D243ECE2B7382E500F64C28 /* CustomTableViewCell.swift */; };
		6D243ED12B7383FF00F64C28 /* SimilarRecipesViewModel.swift in Sources */ = {isa = PBXBuildFile; fileRef = 6D243ED02B7383FF00F64C28 /* SimilarRecipesViewModel.swift */; };
		6D243ED32B73841600F64C28 /* SimilarRecipesPresenter.swift in Sources */ = {isa = PBXBuildFile; fileRef = 6D243ED22B73841600F64C28 /* SimilarRecipesPresenter.swift */; };
		6D5ECB1E2B7B4A290038B032 /* CoreDataStack.swift in Sources */ = {isa = PBXBuildFile; fileRef = 6D5ECB1D2B7B4A290038B032 /* CoreDataStack.swift */; };
		6D5ECB242B7C9B590038B032 /* EditProfileViewController.swift in Sources */ = {isa = PBXBuildFile; fileRef = 6D5ECB232B7C9B590038B032 /* EditProfileViewController.swift */; };
		6D6016A72B73A9D60028F32F /* RecipeDetailRouter.swift in Sources */ = {isa = PBXBuildFile; fileRef = 6D6016A62B73A9D60028F32F /* RecipeDetailRouter.swift */; };
		6D6016A92B74D88C0028F32F /* FetchRecipeWorker.swift in Sources */ = {isa = PBXBuildFile; fileRef = 6D6016A82B74D88C0028F32F /* FetchRecipeWorker.swift */; };
		6D6016AC2B74D9030028F32F /* FetchRecipeViewController.swift in Sources */ = {isa = PBXBuildFile; fileRef = 6D6016AB2B74D9030028F32F /* FetchRecipeViewController.swift */; };
		6D6016AE2B74DA6C0028F32F /* FetchRecipeTableCell.swift in Sources */ = {isa = PBXBuildFile; fileRef = 6D6016AD2B74DA6C0028F32F /* FetchRecipeTableCell.swift */; };
		6D6016B02B74EE310028F32F /* FetchRecipeInteractor.swift in Sources */ = {isa = PBXBuildFile; fileRef = 6D6016AF2B74EE310028F32F /* FetchRecipeInteractor.swift */; };
		6D6016B22B74F3770028F32F /* FetchRecipePresenter.swift in Sources */ = {isa = PBXBuildFile; fileRef = 6D6016B12B74F3770028F32F /* FetchRecipePresenter.swift */; };
		6D6016B42B74F38C0028F32F /* FetchRecipeViewModel.swift in Sources */ = {isa = PBXBuildFile; fileRef = 6D6016B32B74F38B0028F32F /* FetchRecipeViewModel.swift */; };
		6D6016B82B7635330028F32F /* ShimmeringTableViewCell.swift in Sources */ = {isa = PBXBuildFile; fileRef = 6D6016B62B7635330028F32F /* ShimmeringTableViewCell.swift */; };
		6D6016BB2B7636400028F32F /* ShimmeringTableViewCell.xib in Resources */ = {isa = PBXBuildFile; fileRef = 6D6016BA2B7636400028F32F /* ShimmeringTableViewCell.xib */; };
		6D6016BF2B79E50E0028F32F /* ProfileViewController.swift in Sources */ = {isa = PBXBuildFile; fileRef = 6D6016BE2B79E50E0028F32F /* ProfileViewController.swift */; };
		6D6016C22B79E96B0028F32F /* recipify.xcdatamodeld in Sources */ = {isa = PBXBuildFile; fileRef = 6D6016C02B79E96B0028F32F /* recipify.xcdatamodeld */; };
		6D6016C52B79FF060028F32F /* ProfileHeaderCell.swift in Sources */ = {isa = PBXBuildFile; fileRef = 6D6016C32B79FF060028F32F /* ProfileHeaderCell.swift */; };
		6D6016C62B79FF060028F32F /* ProfileHeaderCell.xib in Resources */ = {isa = PBXBuildFile; fileRef = 6D6016C42B79FF060028F32F /* ProfileHeaderCell.xib */; };
		6D6016CB2B7A00650028F32F /* UserPreferenceCell.swift in Sources */ = {isa = PBXBuildFile; fileRef = 6D6016C92B7A00650028F32F /* UserPreferenceCell.swift */; };
		6D6016CC2B7A00650028F32F /* UserPreferenceCell.xib in Resources */ = {isa = PBXBuildFile; fileRef = 6D6016CA2B7A00650028F32F /* UserPreferenceCell.xib */; };
		6D6016CF2B7A016E0028F32F /* RestrictionsCell.swift in Sources */ = {isa = PBXBuildFile; fileRef = 6D6016CD2B7A016E0028F32F /* RestrictionsCell.swift */; };
		6D6016D02B7A016E0028F32F /* RestrictionsCell.xib in Resources */ = {isa = PBXBuildFile; fileRef = 6D6016CE2B7A016E0028F32F /* RestrictionsCell.xib */; };
		6D7344242B6247A700470882 /* AppDelegate.swift in Sources */ = {isa = PBXBuildFile; fileRef = 6D7344232B6247A700470882 /* AppDelegate.swift */; };
		6D7344262B6247A700470882 /* SceneDelegate.swift in Sources */ = {isa = PBXBuildFile; fileRef = 6D7344252B6247A700470882 /* SceneDelegate.swift */; };
		6D73442B2B6247A700470882 /* Main.storyboard in Resources */ = {isa = PBXBuildFile; fileRef = 6D7344292B6247A700470882 /* Main.storyboard */; };
		6D73442D2B6247A900470882 /* Assets.xcassets in Resources */ = {isa = PBXBuildFile; fileRef = 6D73442C2B6247A900470882 /* Assets.xcassets */; };
		6D7344302B6247A900470882 /* LaunchScreen.storyboard in Resources */ = {isa = PBXBuildFile; fileRef = 6D73442E2B6247A900470882 /* LaunchScreen.storyboard */; };
		6D7344382B627E5200470882 /* DiscoverViewContoller.swift in Sources */ = {isa = PBXBuildFile; fileRef = 6D7344372B627E5200470882 /* DiscoverViewContoller.swift */; };
		6D73443B2B62832800470882 /* RecipeDetailViewController.swift in Sources */ = {isa = PBXBuildFile; fileRef = 6D73443A2B62832800470882 /* RecipeDetailViewController.swift */; };
		6DA2F8732B6775E4000D2C06 /* RecipeCell.xib in Resources */ = {isa = PBXBuildFile; fileRef = 6DA2F8722B6775E4000D2C06 /* RecipeCell.xib */; };
		6DA2F8772B67774A000D2C06 /* RecipeCell.swift in Sources */ = {isa = PBXBuildFile; fileRef = 6DA2F8762B67774A000D2C06 /* RecipeCell.swift */; };
		6DA2F8792B677DE4000D2C06 /* DashBoardScreenViewModel.swift in Sources */ = {isa = PBXBuildFile; fileRef = 6DA2F8782B677DE4000D2C06 /* DashBoardScreenViewModel.swift */; };
		6DA2F87C2B678B86000D2C06 /* Header_SearchViewCell.swift in Sources */ = {isa = PBXBuildFile; fileRef = 6DA2F87A2B678B86000D2C06 /* Header_SearchViewCell.swift */; };
		6DA2F87D2B678B86000D2C06 /* Header_SearchViewCell.xib in Resources */ = {isa = PBXBuildFile; fileRef = 6DA2F87B2B678B86000D2C06 /* Header_SearchViewCell.xib */; };
		6DA2F87F2B67A397000D2C06 /* CuisineCell.xib in Resources */ = {isa = PBXBuildFile; fileRef = 6DA2F87E2B67A397000D2C06 /* CuisineCell.xib */; };
		6DA2F8812B67A3CC000D2C06 /* CuisineCell.swift in Sources */ = {isa = PBXBuildFile; fileRef = 6DA2F8802B67A3CC000D2C06 /* CuisineCell.swift */; };
		6DA2F8832B67A9BC000D2C06 /* CustomTableCell.swift in Sources */ = {isa = PBXBuildFile; fileRef = 6DA2F8822B67A9BC000D2C06 /* CustomTableCell.swift */; };
		6DA2F8852B67B34B000D2C06 /* DiscoverRecipeModel.swift in Sources */ = {isa = PBXBuildFile; fileRef = 6DA2F8842B67B34B000D2C06 /* DiscoverRecipeModel.swift */; };
		6DA2F8882B67D780000D2C06 /* CuisineModel.swift in Sources */ = {isa = PBXBuildFile; fileRef = 6DA2F8872B67D780000D2C06 /* CuisineModel.swift */; };
		6DA2F88E2B6A24AA000D2C06 /* DiscoverInteractor.swift in Sources */ = {isa = PBXBuildFile; fileRef = 6DA2F88D2B6A24AA000D2C06 /* DiscoverInteractor.swift */; };
		6DA2F8902B6A24B8000D2C06 /* DiscoverWorker.swift in Sources */ = {isa = PBXBuildFile; fileRef = 6DA2F88F2B6A24B8000D2C06 /* DiscoverWorker.swift */; };
		6DA2F8972B6A6525000D2C06 /* DiscoverPresenter.swift in Sources */ = {isa = PBXBuildFile; fileRef = 6DA2F8962B6A6525000D2C06 /* DiscoverPresenter.swift */; };
		6DBCED222B6E1EBA0069D50F /* SectionHeaderView.swift in Sources */ = {isa = PBXBuildFile; fileRef = 6DBCED212B6E1EBA0069D50F /* SectionHeaderView.swift */; };
		6DBCED2A2B6E209B0069D50F /* SectionHeaderView.xib in Resources */ = {isa = PBXBuildFile; fileRef = 6DBCED292B6E209B0069D50F /* SectionHeaderView.xib */; };
		6DBCED2E2B70A9C90069D50F /* RecipeDetailWorker.swift in Sources */ = {isa = PBXBuildFile; fileRef = 6DBCED2D2B70A9C90069D50F /* RecipeDetailWorker.swift */; };
		6DBCED302B70A9DB0069D50F /* RecipeDetailInteractor.swift in Sources */ = {isa = PBXBuildFile; fileRef = 6DBCED2F2B70A9DB0069D50F /* RecipeDetailInteractor.swift */; };
		6DBCED322B70AC780069D50F /* RecipeDetailModel.swift in Sources */ = {isa = PBXBuildFile; fileRef = 6DBCED312B70AC780069D50F /* RecipeDetailModel.swift */; };
		6DBCED342B70AD600069D50F /* RecipeInstructionModel.swift in Sources */ = {isa = PBXBuildFile; fileRef = 6DBCED332B70AD600069D50F /* RecipeInstructionModel.swift */; };
		6DBCED362B70B0A30069D50F /* DiscoverRecipeRouter.swift in Sources */ = {isa = PBXBuildFile; fileRef = 6DBCED352B70B0A30069D50F /* DiscoverRecipeRouter.swift */; };
		6DBCED3A2B70D5A00069D50F /* RecipeIngridientsModel.swift in Sources */ = {isa = PBXBuildFile; fileRef = 6DBCED392B70D5A00069D50F /* RecipeIngridientsModel.swift */; };
		6DBCED3C2B70DE6D0069D50F /* RecipeIngrdientsViewController.swift in Sources */ = {isa = PBXBuildFile; fileRef = 6DBCED3B2B70DE6D0069D50F /* RecipeIngrdientsViewController.swift */; };
		6DBCED3E2B70DE860069D50F /* RecipeInstructionViewController.swift in Sources */ = {isa = PBXBuildFile; fileRef = 6DBCED3D2B70DE860069D50F /* RecipeInstructionViewController.swift */; };
		6DBCED412B70E14A0069D50F /* InstructionsTableCell.xib in Resources */ = {isa = PBXBuildFile; fileRef = 6DBCED3F2B70E1490069D50F /* InstructionsTableCell.xib */; };
		6DBCED422B70E14A0069D50F /* InstructionsTableCell.swift in Sources */ = {isa = PBXBuildFile; fileRef = 6DBCED402B70E14A0069D50F /* InstructionsTableCell.swift */; };
		6DBCED452B70E1570069D50F /* IngredientsTableCell.swift in Sources */ = {isa = PBXBuildFile; fileRef = 6DBCED432B70E1570069D50F /* IngredientsTableCell.swift */; };
		6DBCED462B70E1570069D50F /* IngredientsTableCell.xib in Resources */ = {isa = PBXBuildFile; fileRef = 6DBCED442B70E1570069D50F /* IngredientsTableCell.xib */; };
		6DBCED492B70F5D30069D50F /* RecipeInstructionInteractor.swift in Sources */ = {isa = PBXBuildFile; fileRef = 6DBCED482B70F5D30069D50F /* RecipeInstructionInteractor.swift */; };
		6DBCED4B2B70F5EE0069D50F /* RecipeIngridientInteractor.swift in Sources */ = {isa = PBXBuildFile; fileRef = 6DBCED4A2B70F5EE0069D50F /* RecipeIngridientInteractor.swift */; };
		6DBCED4D2B70F5F80069D50F /* RecipeIngridientWorker.swift in Sources */ = {isa = PBXBuildFile; fileRef = 6DBCED4C2B70F5F80069D50F /* RecipeIngridientWorker.swift */; };
		6DBCED4F2B70F60A0069D50F /* RecipeInstructionWorker.swift in Sources */ = {isa = PBXBuildFile; fileRef = 6DBCED4E2B70F60A0069D50F /* RecipeInstructionWorker.swift */; };
/* End PBXBuildFile section */

/* Begin PBXFileReference section */
		5FF87708730ADA640742FB38 /* Pods_Recipify.framework */ = {isa = PBXFileReference; explicitFileType = wrapper.framework; includeInIndex = 0; path = Pods_Recipify.framework; sourceTree = BUILT_PRODUCTS_DIR; };
		6D07E2A12B85D30500FB00E9 /* EditProfileTableCell.swift */ = {isa = PBXFileReference; lastKnownFileType = sourcecode.swift; path = EditProfileTableCell.swift; sourceTree = "<group>"; };
		6D07E2A22B85D30500FB00E9 /* EditProfileTableCell.xib */ = {isa = PBXFileReference; lastKnownFileType = file.xib; path = EditProfileTableCell.xib; sourceTree = "<group>"; };
		6D07E2A52B85D6C100FB00E9 /* EditProfileViewModel.swift */ = {isa = PBXFileReference; lastKnownFileType = sourcecode.swift; path = EditProfileViewModel.swift; sourceTree = "<group>"; };
		6D07E2A72B85D8B400FB00E9 /* EditProfileBtnTableCell.swift */ = {isa = PBXFileReference; lastKnownFileType = sourcecode.swift; path = EditProfileBtnTableCell.swift; sourceTree = "<group>"; };
		6D07E2A82B85D8B400FB00E9 /* EditProfileBtnTableCell.xib */ = {isa = PBXFileReference; lastKnownFileType = file.xib; path = EditProfileBtnTableCell.xib; sourceTree = "<group>"; };
		6D1D6C8E2B7B36C7009DEDBC /* SavedRecipesCell.swift */ = {isa = PBXFileReference; lastKnownFileType = sourcecode.swift; path = SavedRecipesCell.swift; sourceTree = "<group>"; };
		6D1D6C8F2B7B36C7009DEDBC /* SavedRecipesCell.xib */ = {isa = PBXFileReference; lastKnownFileType = file.xib; path = SavedRecipesCell.xib; sourceTree = "<group>"; };
		6D243EAB2B72084600F64C28 /* RecipeIngridientPresenter.swift */ = {isa = PBXFileReference; lastKnownFileType = sourcecode.swift; path = RecipeIngridientPresenter.swift; sourceTree = "<group>"; };
		6D243EAE2B72089400F64C28 /* RecipeIngridientViewModel.swift */ = {isa = PBXFileReference; lastKnownFileType = sourcecode.swift; path = RecipeIngridientViewModel.swift; sourceTree = "<group>"; };
		6D243EB02B721D5B00F64C28 /* RecipeInstructionPresenter.swift */ = {isa = PBXFileReference; lastKnownFileType = sourcecode.swift; path = RecipeInstructionPresenter.swift; sourceTree = "<group>"; };
		6D243EB22B721D8100F64C28 /* RecipeInstructionViewModel.swift */ = {isa = PBXFileReference; lastKnownFileType = sourcecode.swift; path = RecipeInstructionViewModel.swift; sourceTree = "<group>"; };
		6D243EC12B72580700F64C28 /* PageMenuViewController.swift */ = {isa = PBXFileReference; lastKnownFileType = sourcecode.swift; path = PageMenuViewController.swift; sourceTree = "<group>"; };
		6D243EC62B736D5E00F64C28 /* SimilarRecipesWorker.swift */ = {isa = PBXFileReference; lastKnownFileType = sourcecode.swift; path = SimilarRecipesWorker.swift; sourceTree = "<group>"; };
		6D243EC82B736D6D00F64C28 /* SimilarRecipesInteractor.swift */ = {isa = PBXFileReference; lastKnownFileType = sourcecode.swift; path = SimilarRecipesInteractor.swift; sourceTree = "<group>"; };
		6D243ECA2B736DE300F64C28 /* SimilarRecipesViewController.swift */ = {isa = PBXFileReference; lastKnownFileType = sourcecode.swift; path = SimilarRecipesViewController.swift; sourceTree = "<group>"; };
		6D243ECC2B737E7700F64C28 /* SimilarRecipeModel.swift */ = {isa = PBXFileReference; lastKnownFileType = sourcecode.swift; path = SimilarRecipeModel.swift; sourceTree = "<group>"; };
		6D243ECE2B7382E500F64C28 /* CustomTableViewCell.swift */ = {isa = PBXFileReference; lastKnownFileType = sourcecode.swift; path = CustomTableViewCell.swift; sourceTree = "<group>"; };
		6D243ED02B7383FF00F64C28 /* SimilarRecipesViewModel.swift */ = {isa = PBXFileReference; lastKnownFileType = sourcecode.swift; path = SimilarRecipesViewModel.swift; sourceTree = "<group>"; };
		6D243ED22B73841600F64C28 /* SimilarRecipesPresenter.swift */ = {isa = PBXFileReference; lastKnownFileType = sourcecode.swift; path = SimilarRecipesPresenter.swift; sourceTree = "<group>"; };
		6D5ECB1D2B7B4A290038B032 /* CoreDataStack.swift */ = {isa = PBXFileReference; lastKnownFileType = sourcecode.swift; path = CoreDataStack.swift; sourceTree = "<group>"; };
		6D5ECB232B7C9B590038B032 /* EditProfileViewController.swift */ = {isa = PBXFileReference; lastKnownFileType = sourcecode.swift; path = EditProfileViewController.swift; sourceTree = "<group>"; };
		6D6016A62B73A9D60028F32F /* RecipeDetailRouter.swift */ = {isa = PBXFileReference; lastKnownFileType = sourcecode.swift; path = RecipeDetailRouter.swift; sourceTree = "<group>"; };
		6D6016A82B74D88C0028F32F /* FetchRecipeWorker.swift */ = {isa = PBXFileReference; lastKnownFileType = sourcecode.swift; path = FetchRecipeWorker.swift; sourceTree = "<group>"; };
		6D6016AB2B74D9030028F32F /* FetchRecipeViewController.swift */ = {isa = PBXFileReference; lastKnownFileType = sourcecode.swift; path = FetchRecipeViewController.swift; sourceTree = "<group>"; };
		6D6016AD2B74DA6C0028F32F /* FetchRecipeTableCell.swift */ = {isa = PBXFileReference; lastKnownFileType = sourcecode.swift; path = FetchRecipeTableCell.swift; sourceTree = "<group>"; };
		6D6016AF2B74EE310028F32F /* FetchRecipeInteractor.swift */ = {isa = PBXFileReference; lastKnownFileType = sourcecode.swift; path = FetchRecipeInteractor.swift; sourceTree = "<group>"; };
		6D6016B12B74F3770028F32F /* FetchRecipePresenter.swift */ = {isa = PBXFileReference; lastKnownFileType = sourcecode.swift; path = FetchRecipePresenter.swift; sourceTree = "<group>"; };
		6D6016B32B74F38B0028F32F /* FetchRecipeViewModel.swift */ = {isa = PBXFileReference; lastKnownFileType = sourcecode.swift; path = FetchRecipeViewModel.swift; sourceTree = "<group>"; };
		6D6016B62B7635330028F32F /* ShimmeringTableViewCell.swift */ = {isa = PBXFileReference; lastKnownFileType = sourcecode.swift; path = ShimmeringTableViewCell.swift; sourceTree = "<group>"; };
		6D6016BA2B7636400028F32F /* ShimmeringTableViewCell.xib */ = {isa = PBXFileReference; fileEncoding = 4; lastKnownFileType = file.xib; path = ShimmeringTableViewCell.xib; sourceTree = "<group>"; };
		6D6016BE2B79E50E0028F32F /* ProfileViewController.swift */ = {isa = PBXFileReference; lastKnownFileType = sourcecode.swift; path = ProfileViewController.swift; sourceTree = "<group>"; };
		6D6016C12B79E96B0028F32F /* recipify.xcdatamodel */ = {isa = PBXFileReference; lastKnownFileType = wrapper.xcdatamodel; path = recipify.xcdatamodel; sourceTree = "<group>"; };
		6D6016C32B79FF060028F32F /* ProfileHeaderCell.swift */ = {isa = PBXFileReference; lastKnownFileType = sourcecode.swift; path = ProfileHeaderCell.swift; sourceTree = "<group>"; };
		6D6016C42B79FF060028F32F /* ProfileHeaderCell.xib */ = {isa = PBXFileReference; lastKnownFileType = file.xib; path = ProfileHeaderCell.xib; sourceTree = "<group>"; };
		6D6016C92B7A00650028F32F /* UserPreferenceCell.swift */ = {isa = PBXFileReference; lastKnownFileType = sourcecode.swift; path = UserPreferenceCell.swift; sourceTree = "<group>"; };
		6D6016CA2B7A00650028F32F /* UserPreferenceCell.xib */ = {isa = PBXFileReference; lastKnownFileType = file.xib; path = UserPreferenceCell.xib; sourceTree = "<group>"; };
		6D6016CD2B7A016E0028F32F /* RestrictionsCell.swift */ = {isa = PBXFileReference; lastKnownFileType = sourcecode.swift; path = RestrictionsCell.swift; sourceTree = "<group>"; };
		6D6016CE2B7A016E0028F32F /* RestrictionsCell.xib */ = {isa = PBXFileReference; lastKnownFileType = file.xib; path = RestrictionsCell.xib; sourceTree = "<group>"; };
		6D7344202B6247A700470882 /* Recipify.app */ = {isa = PBXFileReference; explicitFileType = wrapper.application; includeInIndex = 0; path = Recipify.app; sourceTree = BUILT_PRODUCTS_DIR; };
		6D7344232B6247A700470882 /* AppDelegate.swift */ = {isa = PBXFileReference; lastKnownFileType = sourcecode.swift; path = AppDelegate.swift; sourceTree = "<group>"; };
		6D7344252B6247A700470882 /* SceneDelegate.swift */ = {isa = PBXFileReference; lastKnownFileType = sourcecode.swift; path = SceneDelegate.swift; sourceTree = "<group>"; };
		6D73442A2B6247A700470882 /* Base */ = {isa = PBXFileReference; lastKnownFileType = file.storyboard; name = Base; path = Base.lproj/Main.storyboard; sourceTree = "<group>"; };
		6D73442C2B6247A900470882 /* Assets.xcassets */ = {isa = PBXFileReference; lastKnownFileType = folder.assetcatalog; path = Assets.xcassets; sourceTree = "<group>"; };
		6D73442F2B6247A900470882 /* Base */ = {isa = PBXFileReference; lastKnownFileType = file.storyboard; name = Base; path = Base.lproj/LaunchScreen.storyboard; sourceTree = "<group>"; };
		6D7344312B6247A900470882 /* Info.plist */ = {isa = PBXFileReference; lastKnownFileType = text.plist.xml; path = Info.plist; sourceTree = "<group>"; };
		6D7344372B627E5200470882 /* DiscoverViewContoller.swift */ = {isa = PBXFileReference; lastKnownFileType = sourcecode.swift; path = DiscoverViewContoller.swift; sourceTree = "<group>"; };
		6D73443A2B62832800470882 /* RecipeDetailViewController.swift */ = {isa = PBXFileReference; lastKnownFileType = sourcecode.swift; path = RecipeDetailViewController.swift; sourceTree = "<group>"; };
		6DA2F8722B6775E4000D2C06 /* RecipeCell.xib */ = {isa = PBXFileReference; fileEncoding = 4; lastKnownFileType = file.xib; path = RecipeCell.xib; sourceTree = "<group>"; };
		6DA2F8762B67774A000D2C06 /* RecipeCell.swift */ = {isa = PBXFileReference; lastKnownFileType = sourcecode.swift; path = RecipeCell.swift; sourceTree = "<group>"; };
		6DA2F8782B677DE4000D2C06 /* DashBoardScreenViewModel.swift */ = {isa = PBXFileReference; lastKnownFileType = sourcecode.swift; path = DashBoardScreenViewModel.swift; sourceTree = "<group>"; };
		6DA2F87A2B678B86000D2C06 /* Header_SearchViewCell.swift */ = {isa = PBXFileReference; lastKnownFileType = sourcecode.swift; path = Header_SearchViewCell.swift; sourceTree = "<group>"; };
		6DA2F87B2B678B86000D2C06 /* Header_SearchViewCell.xib */ = {isa = PBXFileReference; lastKnownFileType = file.xib; path = Header_SearchViewCell.xib; sourceTree = "<group>"; };
		6DA2F87E2B67A397000D2C06 /* CuisineCell.xib */ = {isa = PBXFileReference; fileEncoding = 4; lastKnownFileType = file.xib; path = CuisineCell.xib; sourceTree = "<group>"; };
		6DA2F8802B67A3CC000D2C06 /* CuisineCell.swift */ = {isa = PBXFileReference; lastKnownFileType = sourcecode.swift; path = CuisineCell.swift; sourceTree = "<group>"; };
		6DA2F8822B67A9BC000D2C06 /* CustomTableCell.swift */ = {isa = PBXFileReference; lastKnownFileType = sourcecode.swift; path = CustomTableCell.swift; sourceTree = "<group>"; };
		6DA2F8842B67B34B000D2C06 /* DiscoverRecipeModel.swift */ = {isa = PBXFileReference; lastKnownFileType = sourcecode.swift; path = DiscoverRecipeModel.swift; sourceTree = "<group>"; };
		6DA2F8872B67D780000D2C06 /* CuisineModel.swift */ = {isa = PBXFileReference; lastKnownFileType = sourcecode.swift; path = CuisineModel.swift; sourceTree = "<group>"; };
		6DA2F88D2B6A24AA000D2C06 /* DiscoverInteractor.swift */ = {isa = PBXFileReference; lastKnownFileType = sourcecode.swift; path = DiscoverInteractor.swift; sourceTree = "<group>"; };
		6DA2F88F2B6A24B8000D2C06 /* DiscoverWorker.swift */ = {isa = PBXFileReference; lastKnownFileType = sourcecode.swift; path = DiscoverWorker.swift; sourceTree = "<group>"; };
		6DA2F8962B6A6525000D2C06 /* DiscoverPresenter.swift */ = {isa = PBXFileReference; lastKnownFileType = sourcecode.swift; path = DiscoverPresenter.swift; sourceTree = "<group>"; };
		6DBCED212B6E1EBA0069D50F /* SectionHeaderView.swift */ = {isa = PBXFileReference; lastKnownFileType = sourcecode.swift; path = SectionHeaderView.swift; sourceTree = "<group>"; };
		6DBCED292B6E209B0069D50F /* SectionHeaderView.xib */ = {isa = PBXFileReference; lastKnownFileType = file.xib; path = SectionHeaderView.xib; sourceTree = "<group>"; };
		6DBCED2D2B70A9C90069D50F /* RecipeDetailWorker.swift */ = {isa = PBXFileReference; lastKnownFileType = sourcecode.swift; path = RecipeDetailWorker.swift; sourceTree = "<group>"; };
		6DBCED2F2B70A9DB0069D50F /* RecipeDetailInteractor.swift */ = {isa = PBXFileReference; lastKnownFileType = sourcecode.swift; path = RecipeDetailInteractor.swift; sourceTree = "<group>"; };
		6DBCED312B70AC780069D50F /* RecipeDetailModel.swift */ = {isa = PBXFileReference; lastKnownFileType = sourcecode.swift; path = RecipeDetailModel.swift; sourceTree = "<group>"; };
		6DBCED332B70AD600069D50F /* RecipeInstructionModel.swift */ = {isa = PBXFileReference; lastKnownFileType = sourcecode.swift; path = RecipeInstructionModel.swift; sourceTree = "<group>"; };
		6DBCED352B70B0A30069D50F /* DiscoverRecipeRouter.swift */ = {isa = PBXFileReference; lastKnownFileType = sourcecode.swift; path = DiscoverRecipeRouter.swift; sourceTree = "<group>"; };
		6DBCED392B70D5A00069D50F /* RecipeIngridientsModel.swift */ = {isa = PBXFileReference; lastKnownFileType = sourcecode.swift; path = RecipeIngridientsModel.swift; sourceTree = "<group>"; };
		6DBCED3B2B70DE6D0069D50F /* RecipeIngrdientsViewController.swift */ = {isa = PBXFileReference; lastKnownFileType = sourcecode.swift; path = RecipeIngrdientsViewController.swift; sourceTree = "<group>"; };
		6DBCED3D2B70DE860069D50F /* RecipeInstructionViewController.swift */ = {isa = PBXFileReference; lastKnownFileType = sourcecode.swift; path = RecipeInstructionViewController.swift; sourceTree = "<group>"; };
		6DBCED3F2B70E1490069D50F /* InstructionsTableCell.xib */ = {isa = PBXFileReference; fileEncoding = 4; lastKnownFileType = file.xib; path = InstructionsTableCell.xib; sourceTree = "<group>"; };
		6DBCED402B70E14A0069D50F /* InstructionsTableCell.swift */ = {isa = PBXFileReference; fileEncoding = 4; lastKnownFileType = sourcecode.swift; path = InstructionsTableCell.swift; sourceTree = "<group>"; };
		6DBCED432B70E1570069D50F /* IngredientsTableCell.swift */ = {isa = PBXFileReference; fileEncoding = 4; lastKnownFileType = sourcecode.swift; path = IngredientsTableCell.swift; sourceTree = "<group>"; };
		6DBCED442B70E1570069D50F /* IngredientsTableCell.xib */ = {isa = PBXFileReference; fileEncoding = 4; lastKnownFileType = file.xib; path = IngredientsTableCell.xib; sourceTree = "<group>"; };
		6DBCED482B70F5D30069D50F /* RecipeInstructionInteractor.swift */ = {isa = PBXFileReference; lastKnownFileType = sourcecode.swift; path = RecipeInstructionInteractor.swift; sourceTree = "<group>"; };
		6DBCED4A2B70F5EE0069D50F /* RecipeIngridientInteractor.swift */ = {isa = PBXFileReference; lastKnownFileType = sourcecode.swift; path = RecipeIngridientInteractor.swift; sourceTree = "<group>"; };
		6DBCED4C2B70F5F80069D50F /* RecipeIngridientWorker.swift */ = {isa = PBXFileReference; lastKnownFileType = sourcecode.swift; path = RecipeIngridientWorker.swift; sourceTree = "<group>"; };
		6DBCED4E2B70F60A0069D50F /* RecipeInstructionWorker.swift */ = {isa = PBXFileReference; lastKnownFileType = sourcecode.swift; path = RecipeInstructionWorker.swift; sourceTree = "<group>"; };
		7A69F54FF99D1821A26C2D01 /* Pods-Recipify.debug.xcconfig */ = {isa = PBXFileReference; includeInIndex = 1; lastKnownFileType = text.xcconfig; name = "Pods-Recipify.debug.xcconfig"; path = "Target Support Files/Pods-Recipify/Pods-Recipify.debug.xcconfig"; sourceTree = "<group>"; };
		DC0A014623C86BFD3B83BD12 /* Pods-Recipify.release.xcconfig */ = {isa = PBXFileReference; includeInIndex = 1; lastKnownFileType = text.xcconfig; name = "Pods-Recipify.release.xcconfig"; path = "Target Support Files/Pods-Recipify/Pods-Recipify.release.xcconfig"; sourceTree = "<group>"; };
/* End PBXFileReference section */

/* Begin PBXFrameworksBuildPhase section */
		6D73441D2B6247A700470882 /* Frameworks */ = {
			isa = PBXFrameworksBuildPhase;
			buildActionMask = 2147483647;
			files = (
				2EC39969115BDAAEB514C568 /* Pods_Recipify.framework in Frameworks */,
			);
			runOnlyForDeploymentPostprocessing = 0;
		};
/* End PBXFrameworksBuildPhase section */

/* Begin PBXGroup section */
		6A8D74603B0052E5F96CB13E /* Frameworks */ = {
			isa = PBXGroup;
			children = (
				5FF87708730ADA640742FB38 /* Pods_Recipify.framework */,
			);
			name = Frameworks;
			sourceTree = "<group>";
		};
		6D07E2A02B85D2D400FB00E9 /* EditProfileTableCell */ = {
			isa = PBXGroup;
			children = (
				6D07E2A12B85D30500FB00E9 /* EditProfileTableCell.swift */,
				6D07E2A22B85D30500FB00E9 /* EditProfileTableCell.xib */,
				6D07E2A72B85D8B400FB00E9 /* EditProfileBtnTableCell.swift */,
				6D07E2A82B85D8B400FB00E9 /* EditProfileBtnTableCell.xib */,
			);
			path = EditProfileTableCell;
			sourceTree = "<group>";
		};
		6D243EAD2B72085700F64C28 /* TableCell */ = {
			isa = PBXGroup;
			children = (
				6DBCED432B70E1570069D50F /* IngredientsTableCell.swift */,
				6DBCED442B70E1570069D50F /* IngredientsTableCell.xib */,
			);
			path = TableCell;
			sourceTree = "<group>";
		};
		6D243EC32B725F3500F64C28 /* SimilarRecipes */ = {
			isa = PBXGroup;
			children = (
				6D243ECE2B7382E500F64C28 /* CustomTableViewCell.swift */,
				6D243ECC2B737E7700F64C28 /* SimilarRecipeModel.swift */,
				6D243ED02B7383FF00F64C28 /* SimilarRecipesViewModel.swift */,
				6D243EC62B736D5E00F64C28 /* SimilarRecipesWorker.swift */,
				6D243ECA2B736DE300F64C28 /* SimilarRecipesViewController.swift */,
				6D243EC82B736D6D00F64C28 /* SimilarRecipesInteractor.swift */,
				6D243ED22B73841600F64C28 /* SimilarRecipesPresenter.swift */,
			);
			path = SimilarRecipes;
			sourceTree = "<group>";
		};
		6D5ECB1C2B7B3E040038B032 /* TableCells */ = {
			isa = PBXGroup;
			children = (
				6D6016C32B79FF060028F32F /* ProfileHeaderCell.swift */,
				6D6016C42B79FF060028F32F /* ProfileHeaderCell.xib */,
				6D6016C92B7A00650028F32F /* UserPreferenceCell.swift */,
				6D6016CA2B7A00650028F32F /* UserPreferenceCell.xib */,
				6D6016CD2B7A016E0028F32F /* RestrictionsCell.swift */,
				6D6016CE2B7A016E0028F32F /* RestrictionsCell.xib */,
				6D1D6C8E2B7B36C7009DEDBC /* SavedRecipesCell.swift */,
				6D1D6C8F2B7B36C7009DEDBC /* SavedRecipesCell.xib */,
			);
			path = TableCells;
			sourceTree = "<group>";
		};
		6D6016AA2B74D8AF0028F32F /* FetchRecipes */ = {
			isa = PBXGroup;
			children = (
				6D6016AD2B74DA6C0028F32F /* FetchRecipeTableCell.swift */,
				6D6016AB2B74D9030028F32F /* FetchRecipeViewController.swift */,
				6D6016A82B74D88C0028F32F /* FetchRecipeWorker.swift */,
				6D6016AF2B74EE310028F32F /* FetchRecipeInteractor.swift */,
				6D6016B12B74F3770028F32F /* FetchRecipePresenter.swift */,
				6D6016B32B74F38B0028F32F /* FetchRecipeViewModel.swift */,
			);
			path = FetchRecipes;
			sourceTree = "<group>";
		};
		6D6016B52B76350F0028F32F /* ShimmeringEffect */ = {
			isa = PBXGroup;
			children = (
				6D6016B62B7635330028F32F /* ShimmeringTableViewCell.swift */,
				6D6016BA2B7636400028F32F /* ShimmeringTableViewCell.xib */,
			);
			path = ShimmeringEffect;
			sourceTree = "<group>";
		};
		6D6016BC2B79E3140028F32F /* Profile */ = {
			isa = PBXGroup;
			children = (
				6D6016BE2B79E50E0028F32F /* ProfileViewController.swift */,
				6D5ECB232B7C9B590038B032 /* EditProfileViewController.swift */,
				6D07E2A52B85D6C100FB00E9 /* EditProfileViewModel.swift */,
				6D07E2A02B85D2D400FB00E9 /* EditProfileTableCell */,
				6D5ECB1C2B7B3E040038B032 /* TableCells */,
			);
			path = Profile;
			sourceTree = "<group>";
		};
		6D7344172B6247A600470882 = {
			isa = PBXGroup;
			children = (
				6D7344222B6247A700470882 /* Recipify */,
				6D7344212B6247A700470882 /* Products */,
				95D170562C288DA850B1BFD4 /* Pods */,
				6A8D74603B0052E5F96CB13E /* Frameworks */,
			);
			sourceTree = "<group>";
		};
		6D7344212B6247A700470882 /* Products */ = {
			isa = PBXGroup;
			children = (
				6D7344202B6247A700470882 /* Recipify.app */,
			);
			name = Products;
			sourceTree = "<group>";
		};
		6D7344222B6247A700470882 /* Recipify */ = {
			isa = PBXGroup;
			children = (
				6D7344232B6247A700470882 /* AppDelegate.swift */,
				6D7344252B6247A700470882 /* SceneDelegate.swift */,
				6D7344292B6247A700470882 /* Main.storyboard */,
				6D6016C02B79E96B0028F32F /* recipify.xcdatamodeld */,
				6D5ECB1D2B7B4A290038B032 /* CoreDataStack.swift */,
				6D243EC12B72580700F64C28 /* PageMenuViewController.swift */,
				6D6016BC2B79E3140028F32F /* Profile */,
				6D6016B52B76350F0028F32F /* ShimmeringEffect */,
				6DA2F8712B676A39000D2C06 /* Recipes */,
				6DA2F8862B67D760000D2C06 /* Cuisines */,
				6D7344392B6281E200470882 /* Discover */,
				6D6016AA2B74D8AF0028F32F /* FetchRecipes */,
				6D73443C2B62832D00470882 /* RecipeDetail */,
				6D73442C2B6247A900470882 /* Assets.xcassets */,
				6D73442E2B6247A900470882 /* LaunchScreen.storyboard */,
				6D7344312B6247A900470882 /* Info.plist */,
			);
			path = Recipify;
			sourceTree = "<group>";
		};
		6D7344392B6281E200470882 /* Discover */ = {
			isa = PBXGroup;
			children = (
				6DA2F8932B6A253F000D2C06 /* HeaderCell */,
				6DA2F8822B67A9BC000D2C06 /* CustomTableCell.swift */,
				6DA2F8842B67B34B000D2C06 /* DiscoverRecipeModel.swift */,
				6D7344372B627E5200470882 /* DiscoverViewContoller.swift */,
				6DA2F8782B677DE4000D2C06 /* DashBoardScreenViewModel.swift */,
				6DA2F88D2B6A24AA000D2C06 /* DiscoverInteractor.swift */,
				6DA2F88F2B6A24B8000D2C06 /* DiscoverWorker.swift */,
				6DA2F8962B6A6525000D2C06 /* DiscoverPresenter.swift */,
				6DBCED352B70B0A30069D50F /* DiscoverRecipeRouter.swift */,
			);
			path = Discover;
			sourceTree = "<group>";
		};
		6D73443C2B62832D00470882 /* RecipeDetail */ = {
			isa = PBXGroup;
			children = (
				6D73443A2B62832800470882 /* RecipeDetailViewController.swift */,
				6DBCED2D2B70A9C90069D50F /* RecipeDetailWorker.swift */,
				6DBCED2F2B70A9DB0069D50F /* RecipeDetailInteractor.swift */,
				6DBCED312B70AC780069D50F /* RecipeDetailModel.swift */,
				6D243EC32B725F3500F64C28 /* SimilarRecipes */,
				6DBCED382B70D56F0069D50F /* RecipeIngridients */,
				6DBCED372B70D5460069D50F /* RecipeInstruction */,
				6D6016A62B73A9D60028F32F /* RecipeDetailRouter.swift */,
			);
			path = RecipeDetail;
			sourceTree = "<group>";
		};
		6DA2F8712B676A39000D2C06 /* Recipes */ = {
			isa = PBXGroup;
			children = (
				6DA2F8722B6775E4000D2C06 /* RecipeCell.xib */,
				6DA2F8762B67774A000D2C06 /* RecipeCell.swift */,
			);
			path = Recipes;
			sourceTree = "<group>";
		};
		6DA2F8862B67D760000D2C06 /* Cuisines */ = {
			isa = PBXGroup;
			children = (
				6DA2F87E2B67A397000D2C06 /* CuisineCell.xib */,
				6DA2F8802B67A3CC000D2C06 /* CuisineCell.swift */,
				6DA2F8872B67D780000D2C06 /* CuisineModel.swift */,
			);
			path = Cuisines;
			sourceTree = "<group>";
		};
		6DA2F8932B6A253F000D2C06 /* HeaderCell */ = {
			isa = PBXGroup;
			children = (
				6DA2F87A2B678B86000D2C06 /* Header_SearchViewCell.swift */,
				6DA2F87B2B678B86000D2C06 /* Header_SearchViewCell.xib */,
				6DBCED212B6E1EBA0069D50F /* SectionHeaderView.swift */,
				6DBCED292B6E209B0069D50F /* SectionHeaderView.xib */,
			);
			path = HeaderCell;
			sourceTree = "<group>";
		};
		6DBCED372B70D5460069D50F /* RecipeInstruction */ = {
			isa = PBXGroup;
			children = (
				6DBCED3F2B70E1490069D50F /* InstructionsTableCell.xib */,
				6DBCED402B70E14A0069D50F /* InstructionsTableCell.swift */,
				6DBCED332B70AD600069D50F /* RecipeInstructionModel.swift */,
				6D243EB22B721D8100F64C28 /* RecipeInstructionViewModel.swift */,
				6DBCED3D2B70DE860069D50F /* RecipeInstructionViewController.swift */,
				6DBCED482B70F5D30069D50F /* RecipeInstructionInteractor.swift */,
				6DBCED4E2B70F60A0069D50F /* RecipeInstructionWorker.swift */,
				6D243EB02B721D5B00F64C28 /* RecipeInstructionPresenter.swift */,
			);
			path = RecipeInstruction;
			sourceTree = "<group>";
		};
		6DBCED382B70D56F0069D50F /* RecipeIngridients */ = {
			isa = PBXGroup;
			children = (
				6D243EAD2B72085700F64C28 /* TableCell */,
				6DBCED392B70D5A00069D50F /* RecipeIngridientsModel.swift */,
				6D243EAE2B72089400F64C28 /* RecipeIngridientViewModel.swift */,
				6DBCED3B2B70DE6D0069D50F /* RecipeIngrdientsViewController.swift */,
				6DBCED4A2B70F5EE0069D50F /* RecipeIngridientInteractor.swift */,
				6DBCED4C2B70F5F80069D50F /* RecipeIngridientWorker.swift */,
				6D243EAB2B72084600F64C28 /* RecipeIngridientPresenter.swift */,
			);
			path = RecipeIngridients;
			sourceTree = "<group>";
		};
		95D170562C288DA850B1BFD4 /* Pods */ = {
			isa = PBXGroup;
			children = (
				7A69F54FF99D1821A26C2D01 /* Pods-Recipify.debug.xcconfig */,
				DC0A014623C86BFD3B83BD12 /* Pods-Recipify.release.xcconfig */,
			);
			path = Pods;
			sourceTree = "<group>";
		};
/* End PBXGroup section */

/* Begin PBXNativeTarget section */
		6D73441F2B6247A700470882 /* Recipify */ = {
			isa = PBXNativeTarget;
			buildConfigurationList = 6D7344342B6247A900470882 /* Build configuration list for PBXNativeTarget "Recipify" */;
			buildPhases = (
				3A3737265EDE137F2294C771 /* [CP] Check Pods Manifest.lock */,
				6D73441C2B6247A700470882 /* Sources */,
				6D73441D2B6247A700470882 /* Frameworks */,
				6D73441E2B6247A700470882 /* Resources */,
				3AB5A6FC475A3FED19DAF4E2 /* [CP] Embed Pods Frameworks */,
			);
			buildRules = (
			);
			dependencies = (
			);
			name = Recipify;
			productName = Recipify;
			productReference = 6D7344202B6247A700470882 /* Recipify.app */;
			productType = "com.apple.product-type.application";
		};
/* End PBXNativeTarget section */

/* Begin PBXProject section */
		6D7344182B6247A700470882 /* Project object */ = {
			isa = PBXProject;
			attributes = {
				BuildIndependentTargetsInParallel = 1;
				LastSwiftUpdateCheck = 1420;
				LastUpgradeCheck = 1420;
				TargetAttributes = {
					6D73441F2B6247A700470882 = {
						CreatedOnToolsVersion = 14.2;
					};
				};
			};
			buildConfigurationList = 6D73441B2B6247A700470882 /* Build configuration list for PBXProject "Recipify" */;
			compatibilityVersion = "Xcode 14.0";
			developmentRegion = en;
			hasScannedForEncodings = 0;
			knownRegions = (
				en,
				Base,
			);
			mainGroup = 6D7344172B6247A600470882;
			productRefGroup = 6D7344212B6247A700470882 /* Products */;
			projectDirPath = "";
			projectRoot = "";
			targets = (
				6D73441F2B6247A700470882 /* Recipify */,
			);
		};
/* End PBXProject section */

/* Begin PBXResourcesBuildPhase section */
		6D73441E2B6247A700470882 /* Resources */ = {
			isa = PBXResourcesBuildPhase;
			buildActionMask = 2147483647;
			files = (
				6DBCED462B70E1570069D50F /* IngredientsTableCell.xib in Resources */,
				6D7344302B6247A900470882 /* LaunchScreen.storyboard in Resources */,
				6DA2F87D2B678B86000D2C06 /* Header_SearchViewCell.xib in Resources */,
				6D73442D2B6247A900470882 /* Assets.xcassets in Resources */,
				6D73442B2B6247A700470882 /* Main.storyboard in Resources */,
				6D6016BB2B7636400028F32F /* ShimmeringTableViewCell.xib in Resources */,
				6DA2F87F2B67A397000D2C06 /* CuisineCell.xib in Resources */,
				6D6016C62B79FF060028F32F /* ProfileHeaderCell.xib in Resources */,
				6D6016D02B7A016E0028F32F /* RestrictionsCell.xib in Resources */,
				6DA2F8732B6775E4000D2C06 /* RecipeCell.xib in Resources */,
				6D07E2A42B85D30500FB00E9 /* EditProfileTableCell.xib in Resources */,
				6D6016CC2B7A00650028F32F /* UserPreferenceCell.xib in Resources */,
				6D1D6C912B7B36C7009DEDBC /* SavedRecipesCell.xib in Resources */,
				6DBCED2A2B6E209B0069D50F /* SectionHeaderView.xib in Resources */,
				6DBCED412B70E14A0069D50F /* InstructionsTableCell.xib in Resources */,
				6D07E2AA2B85D8B400FB00E9 /* EditProfileBtnTableCell.xib in Resources */,
			);
			runOnlyForDeploymentPostprocessing = 0;
		};
/* End PBXResourcesBuildPhase section */

/* Begin PBXShellScriptBuildPhase section */
		3A3737265EDE137F2294C771 /* [CP] Check Pods Manifest.lock */ = {
			isa = PBXShellScriptBuildPhase;
			buildActionMask = 2147483647;
			files = (
			);
			inputFileListPaths = (
			);
			inputPaths = (
				"${PODS_PODFILE_DIR_PATH}/Podfile.lock",
				"${PODS_ROOT}/Manifest.lock",
			);
			name = "[CP] Check Pods Manifest.lock";
			outputFileListPaths = (
			);
			outputPaths = (
				"$(DERIVED_FILE_DIR)/Pods-Recipify-checkManifestLockResult.txt",
			);
			runOnlyForDeploymentPostprocessing = 0;
			shellPath = /bin/sh;
			shellScript = "diff \"${PODS_PODFILE_DIR_PATH}/Podfile.lock\" \"${PODS_ROOT}/Manifest.lock\" > /dev/null\nif [ $? != 0 ] ; then\n    # print error to STDERR\n    echo \"error: The sandbox is not in sync with the Podfile.lock. Run 'pod install' or update your CocoaPods installation.\" >&2\n    exit 1\nfi\n# This output is used by Xcode 'outputs' to avoid re-running this script phase.\necho \"SUCCESS\" > \"${SCRIPT_OUTPUT_FILE_0}\"\n";
			showEnvVarsInLog = 0;
		};
		3AB5A6FC475A3FED19DAF4E2 /* [CP] Embed Pods Frameworks */ = {
			isa = PBXShellScriptBuildPhase;
			buildActionMask = 2147483647;
			files = (
			);
			inputFileListPaths = (
				"${PODS_ROOT}/Target Support Files/Pods-Recipify/Pods-Recipify-frameworks-${CONFIGURATION}-input-files.xcfilelist",
			);
			name = "[CP] Embed Pods Frameworks";
			outputFileListPaths = (
				"${PODS_ROOT}/Target Support Files/Pods-Recipify/Pods-Recipify-frameworks-${CONFIGURATION}-output-files.xcfilelist",
			);
			runOnlyForDeploymentPostprocessing = 0;
			shellPath = /bin/sh;
			shellScript = "\"${PODS_ROOT}/Target Support Files/Pods-Recipify/Pods-Recipify-frameworks.sh\"\n";
			showEnvVarsInLog = 0;
		};
/* End PBXShellScriptBuildPhase section */

/* Begin PBXSourcesBuildPhase section */
		6D73441C2B6247A700470882 /* Sources */ = {
			isa = PBXSourcesBuildPhase;
			buildActionMask = 2147483647;
			files = (
				6D243ED12B7383FF00F64C28 /* SimilarRecipesViewModel.swift in Sources */,
				6D6016B02B74EE310028F32F /* FetchRecipeInteractor.swift in Sources */,
				6DA2F8792B677DE4000D2C06 /* DashBoardScreenViewModel.swift in Sources */,
				6DBCED362B70B0A30069D50F /* DiscoverRecipeRouter.swift in Sources */,
				6DA2F8852B67B34B000D2C06 /* DiscoverRecipeModel.swift in Sources */,
				6D243EAF2B72089400F64C28 /* RecipeIngridientViewModel.swift in Sources */,
				6D6016CB2B7A00650028F32F /* UserPreferenceCell.swift in Sources */,
				6D5ECB1E2B7B4A290038B032 /* CoreDataStack.swift in Sources */,
				6DBCED3E2B70DE860069D50F /* RecipeInstructionViewController.swift in Sources */,
				6D1D6C902B7B36C7009DEDBC /* SavedRecipesCell.swift in Sources */,
				6DA2F8832B67A9BC000D2C06 /* CustomTableCell.swift in Sources */,
				6D6016A72B73A9D60028F32F /* RecipeDetailRouter.swift in Sources */,
				6D7344242B6247A700470882 /* AppDelegate.swift in Sources */,
				6DA2F88E2B6A24AA000D2C06 /* DiscoverInteractor.swift in Sources */,
				6D7344382B627E5200470882 /* DiscoverViewContoller.swift in Sources */,
				6DA2F8882B67D780000D2C06 /* CuisineModel.swift in Sources */,
				6D6016AC2B74D9030028F32F /* FetchRecipeViewController.swift in Sources */,
				6DBCED222B6E1EBA0069D50F /* SectionHeaderView.swift in Sources */,
				6D6016B22B74F3770028F32F /* FetchRecipePresenter.swift in Sources */,
				6DBCED302B70A9DB0069D50F /* RecipeDetailInteractor.swift in Sources */,
				6D6016CF2B7A016E0028F32F /* RestrictionsCell.swift in Sources */,
				6DBCED2E2B70A9C90069D50F /* RecipeDetailWorker.swift in Sources */,
				6DBCED3C2B70DE6D0069D50F /* RecipeIngrdientsViewController.swift in Sources */,
				6D243EC92B736D6D00F64C28 /* SimilarRecipesInteractor.swift in Sources */,
				6DBCED4F2B70F60A0069D50F /* RecipeInstructionWorker.swift in Sources */,
				6D243EC22B72580700F64C28 /* PageMenuViewController.swift in Sources */,
				6D5ECB242B7C9B590038B032 /* EditProfileViewController.swift in Sources */,
				6D6016BF2B79E50E0028F32F /* ProfileViewController.swift in Sources */,
				6DA2F8812B67A3CC000D2C06 /* CuisineCell.swift in Sources */,
				6DBCED4D2B70F5F80069D50F /* RecipeIngridientWorker.swift in Sources */,
				6DA2F8972B6A6525000D2C06 /* DiscoverPresenter.swift in Sources */,
				6D243ECB2B736DE300F64C28 /* SimilarRecipesViewController.swift in Sources */,
				6DA2F8772B67774A000D2C06 /* RecipeCell.swift in Sources */,
				6D73443B2B62832800470882 /* RecipeDetailViewController.swift in Sources */,
				6D243EAC2B72084600F64C28 /* RecipeIngridientPresenter.swift in Sources */,
				6DBCED342B70AD600069D50F /* RecipeInstructionModel.swift in Sources */,
				6DBCED3A2B70D5A00069D50F /* RecipeIngridientsModel.swift in Sources */,
				6D6016C52B79FF060028F32F /* ProfileHeaderCell.swift in Sources */,
				6DBCED422B70E14A0069D50F /* InstructionsTableCell.swift in Sources */,
				6D07E2A92B85D8B400FB00E9 /* EditProfileBtnTableCell.swift in Sources */,
				6DBCED322B70AC780069D50F /* RecipeDetailModel.swift in Sources */,
				6DA2F87C2B678B86000D2C06 /* Header_SearchViewCell.swift in Sources */,
				6D243ED32B73841600F64C28 /* SimilarRecipesPresenter.swift in Sources */,
				6D6016B42B74F38C0028F32F /* FetchRecipeViewModel.swift in Sources */,
				6DA2F8902B6A24B8000D2C06 /* DiscoverWorker.swift in Sources */,
				6D07E2A32B85D30500FB00E9 /* EditProfileTableCell.swift in Sources */,
				6DBCED492B70F5D30069D50F /* RecipeInstructionInteractor.swift in Sources */,
				6D243ECD2B737E7700F64C28 /* SimilarRecipeModel.swift in Sources */,
				6D243EB12B721D5B00F64C28 /* RecipeInstructionPresenter.swift in Sources */,
				6D07E2A62B85D6C100FB00E9 /* EditProfileViewModel.swift in Sources */,
				6DBCED4B2B70F5EE0069D50F /* RecipeIngridientInteractor.swift in Sources */,
				6D6016AE2B74DA6C0028F32F /* FetchRecipeTableCell.swift in Sources */,
				6D6016B82B7635330028F32F /* ShimmeringTableViewCell.swift in Sources */,
				6D6016A92B74D88C0028F32F /* FetchRecipeWorker.swift in Sources */,
				6DBCED452B70E1570069D50F /* IngredientsTableCell.swift in Sources */,
				6D243ECF2B7382E500F64C28 /* CustomTableViewCell.swift in Sources */,
				6D6016C22B79E96B0028F32F /* recipify.xcdatamodeld in Sources */,
				6D243EB32B721D8100F64C28 /* RecipeInstructionViewModel.swift in Sources */,
				6D243EC72B736D5E00F64C28 /* SimilarRecipesWorker.swift in Sources */,
				6D7344262B6247A700470882 /* SceneDelegate.swift in Sources */,
			);
			runOnlyForDeploymentPostprocessing = 0;
		};
/* End PBXSourcesBuildPhase section */

/* Begin PBXVariantGroup section */
		6D7344292B6247A700470882 /* Main.storyboard */ = {
			isa = PBXVariantGroup;
			children = (
				6D73442A2B6247A700470882 /* Base */,
			);
			name = Main.storyboard;
			sourceTree = "<group>";
		};
		6D73442E2B6247A900470882 /* LaunchScreen.storyboard */ = {
			isa = PBXVariantGroup;
			children = (
				6D73442F2B6247A900470882 /* Base */,
			);
			name = LaunchScreen.storyboard;
			sourceTree = "<group>";
		};
/* End PBXVariantGroup section */

/* Begin XCBuildConfiguration section */
		6D7344322B6247A900470882 /* Debug */ = {
			isa = XCBuildConfiguration;
			buildSettings = {
				ALWAYS_SEARCH_USER_PATHS = NO;
				CLANG_ANALYZER_NONNULL = YES;
				CLANG_ANALYZER_NUMBER_OBJECT_CONVERSION = YES_AGGRESSIVE;
				CLANG_CXX_LANGUAGE_STANDARD = "gnu++20";
				CLANG_ENABLE_MODULES = YES;
				CLANG_ENABLE_OBJC_ARC = YES;
				CLANG_ENABLE_OBJC_WEAK = YES;
				CLANG_WARN_BLOCK_CAPTURE_AUTORELEASING = YES;
				CLANG_WARN_BOOL_CONVERSION = YES;
				CLANG_WARN_COMMA = YES;
				CLANG_WARN_CONSTANT_CONVERSION = YES;
				CLANG_WARN_DEPRECATED_OBJC_IMPLEMENTATIONS = YES;
				CLANG_WARN_DIRECT_OBJC_ISA_USAGE = YES_ERROR;
				CLANG_WARN_DOCUMENTATION_COMMENTS = YES;
				CLANG_WARN_EMPTY_BODY = YES;
				CLANG_WARN_ENUM_CONVERSION = YES;
				CLANG_WARN_INFINITE_RECURSION = YES;
				CLANG_WARN_INT_CONVERSION = YES;
				CLANG_WARN_NON_LITERAL_NULL_CONVERSION = YES;
				CLANG_WARN_OBJC_IMPLICIT_RETAIN_SELF = YES;
				CLANG_WARN_OBJC_LITERAL_CONVERSION = YES;
				CLANG_WARN_OBJC_ROOT_CLASS = YES_ERROR;
				CLANG_WARN_QUOTED_INCLUDE_IN_FRAMEWORK_HEADER = YES;
				CLANG_WARN_RANGE_LOOP_ANALYSIS = YES;
				CLANG_WARN_STRICT_PROTOTYPES = YES;
				CLANG_WARN_SUSPICIOUS_MOVE = YES;
				CLANG_WARN_UNGUARDED_AVAILABILITY = YES_AGGRESSIVE;
				CLANG_WARN_UNREACHABLE_CODE = YES;
				CLANG_WARN__DUPLICATE_METHOD_MATCH = YES;
				COPY_PHASE_STRIP = NO;
				DEBUG_INFORMATION_FORMAT = dwarf;
				ENABLE_STRICT_OBJC_MSGSEND = YES;
				ENABLE_TESTABILITY = YES;
				GCC_C_LANGUAGE_STANDARD = gnu11;
				GCC_DYNAMIC_NO_PIC = NO;
				GCC_NO_COMMON_BLOCKS = YES;
				GCC_OPTIMIZATION_LEVEL = 0;
				GCC_PREPROCESSOR_DEFINITIONS = (
					"DEBUG=1",
					"$(inherited)",
				);
				GCC_WARN_64_TO_32_BIT_CONVERSION = YES;
				GCC_WARN_ABOUT_RETURN_TYPE = YES_ERROR;
				GCC_WARN_UNDECLARED_SELECTOR = YES;
				GCC_WARN_UNINITIALIZED_AUTOS = YES_AGGRESSIVE;
				GCC_WARN_UNUSED_FUNCTION = YES;
				GCC_WARN_UNUSED_VARIABLE = YES;
				IPHONEOS_DEPLOYMENT_TARGET = 16.2;
				MTL_ENABLE_DEBUG_INFO = INCLUDE_SOURCE;
				MTL_FAST_MATH = YES;
				ONLY_ACTIVE_ARCH = YES;
				SDKROOT = iphoneos;
				SWIFT_ACTIVE_COMPILATION_CONDITIONS = DEBUG;
				SWIFT_OPTIMIZATION_LEVEL = "-Onone";
			};
			name = Debug;
		};
		6D7344332B6247A900470882 /* Release */ = {
			isa = XCBuildConfiguration;
			buildSettings = {
				ALWAYS_SEARCH_USER_PATHS = NO;
				CLANG_ANALYZER_NONNULL = YES;
				CLANG_ANALYZER_NUMBER_OBJECT_CONVERSION = YES_AGGRESSIVE;
				CLANG_CXX_LANGUAGE_STANDARD = "gnu++20";
				CLANG_ENABLE_MODULES = YES;
				CLANG_ENABLE_OBJC_ARC = YES;
				CLANG_ENABLE_OBJC_WEAK = YES;
				CLANG_WARN_BLOCK_CAPTURE_AUTORELEASING = YES;
				CLANG_WARN_BOOL_CONVERSION = YES;
				CLANG_WARN_COMMA = YES;
				CLANG_WARN_CONSTANT_CONVERSION = YES;
				CLANG_WARN_DEPRECATED_OBJC_IMPLEMENTATIONS = YES;
				CLANG_WARN_DIRECT_OBJC_ISA_USAGE = YES_ERROR;
				CLANG_WARN_DOCUMENTATION_COMMENTS = YES;
				CLANG_WARN_EMPTY_BODY = YES;
				CLANG_WARN_ENUM_CONVERSION = YES;
				CLANG_WARN_INFINITE_RECURSION = YES;
				CLANG_WARN_INT_CONVERSION = YES;
				CLANG_WARN_NON_LITERAL_NULL_CONVERSION = YES;
				CLANG_WARN_OBJC_IMPLICIT_RETAIN_SELF = YES;
				CLANG_WARN_OBJC_LITERAL_CONVERSION = YES;
				CLANG_WARN_OBJC_ROOT_CLASS = YES_ERROR;
				CLANG_WARN_QUOTED_INCLUDE_IN_FRAMEWORK_HEADER = YES;
				CLANG_WARN_RANGE_LOOP_ANALYSIS = YES;
				CLANG_WARN_STRICT_PROTOTYPES = YES;
				CLANG_WARN_SUSPICIOUS_MOVE = YES;
				CLANG_WARN_UNGUARDED_AVAILABILITY = YES_AGGRESSIVE;
				CLANG_WARN_UNREACHABLE_CODE = YES;
				CLANG_WARN__DUPLICATE_METHOD_MATCH = YES;
				COPY_PHASE_STRIP = NO;
				DEBUG_INFORMATION_FORMAT = "dwarf-with-dsym";
				ENABLE_NS_ASSERTIONS = NO;
				ENABLE_STRICT_OBJC_MSGSEND = YES;
				GCC_C_LANGUAGE_STANDARD = gnu11;
				GCC_NO_COMMON_BLOCKS = YES;
				GCC_WARN_64_TO_32_BIT_CONVERSION = YES;
				GCC_WARN_ABOUT_RETURN_TYPE = YES_ERROR;
				GCC_WARN_UNDECLARED_SELECTOR = YES;
				GCC_WARN_UNINITIALIZED_AUTOS = YES_AGGRESSIVE;
				GCC_WARN_UNUSED_FUNCTION = YES;
				GCC_WARN_UNUSED_VARIABLE = YES;
				IPHONEOS_DEPLOYMENT_TARGET = 16.2;
				MTL_ENABLE_DEBUG_INFO = NO;
				MTL_FAST_MATH = YES;
				SDKROOT = iphoneos;
				SWIFT_COMPILATION_MODE = wholemodule;
				SWIFT_OPTIMIZATION_LEVEL = "-O";
				VALIDATE_PRODUCT = YES;
			};
			name = Release;
		};
		6D7344352B6247A900470882 /* Debug */ = {
			isa = XCBuildConfiguration;
			baseConfigurationReference = 7A69F54FF99D1821A26C2D01 /* Pods-Recipify.debug.xcconfig */;
			buildSettings = {
				ASSETCATALOG_COMPILER_APPICON_NAME = AppIcon;
				ASSETCATALOG_COMPILER_GLOBAL_ACCENT_COLOR_NAME = AccentColor;
				CODE_SIGN_STYLE = Automatic;
				CURRENT_PROJECT_VERSION = 1;
				GENERATE_INFOPLIST_FILE = YES;
				INFOPLIST_FILE = Recipify/Info.plist;
				INFOPLIST_KEY_UIApplicationSupportsIndirectInputEvents = YES;
				INFOPLIST_KEY_UILaunchStoryboardName = LaunchScreen;
				INFOPLIST_KEY_UIMainStoryboardFile = Main;
				INFOPLIST_KEY_UISupportedInterfaceOrientations_iPad = "UIInterfaceOrientationPortrait UIInterfaceOrientationPortraitUpsideDown UIInterfaceOrientationLandscapeLeft UIInterfaceOrientationLandscapeRight";
				INFOPLIST_KEY_UISupportedInterfaceOrientations_iPhone = "UIInterfaceOrientationPortrait UIInterfaceOrientationLandscapeLeft UIInterfaceOrientationLandscapeRight";
				LD_RUNPATH_SEARCH_PATHS = (
					"$(inherited)",
					"@executable_path/Frameworks",
				);
				MARKETING_VERSION = 1.0;
				PRODUCT_BUNDLE_IDENTIFIER = com.viu.Recipify;
				PRODUCT_NAME = "$(TARGET_NAME)";
				SWIFT_EMIT_LOC_STRINGS = YES;
				SWIFT_VERSION = 5.0;
				TARGETED_DEVICE_FAMILY = "1,2";
			};
			name = Debug;
		};
		6D7344362B6247A900470882 /* Release */ = {
			isa = XCBuildConfiguration;
			baseConfigurationReference = DC0A014623C86BFD3B83BD12 /* Pods-Recipify.release.xcconfig */;
			buildSettings = {
				ASSETCATALOG_COMPILER_APPICON_NAME = AppIcon;
				ASSETCATALOG_COMPILER_GLOBAL_ACCENT_COLOR_NAME = AccentColor;
				CODE_SIGN_STYLE = Automatic;
				CURRENT_PROJECT_VERSION = 1;
				GENERATE_INFOPLIST_FILE = YES;
				INFOPLIST_FILE = Recipify/Info.plist;
				INFOPLIST_KEY_UIApplicationSupportsIndirectInputEvents = YES;
				INFOPLIST_KEY_UILaunchStoryboardName = LaunchScreen;
				INFOPLIST_KEY_UIMainStoryboardFile = Main;
				INFOPLIST_KEY_UISupportedInterfaceOrientations_iPad = "UIInterfaceOrientationPortrait UIInterfaceOrientationPortraitUpsideDown UIInterfaceOrientationLandscapeLeft UIInterfaceOrientationLandscapeRight";
				INFOPLIST_KEY_UISupportedInterfaceOrientations_iPhone = "UIInterfaceOrientationPortrait UIInterfaceOrientationLandscapeLeft UIInterfaceOrientationLandscapeRight";
				LD_RUNPATH_SEARCH_PATHS = (
					"$(inherited)",
					"@executable_path/Frameworks",
				);
				MARKETING_VERSION = 1.0;
				PRODUCT_BUNDLE_IDENTIFIER = com.viu.Recipify;
				PRODUCT_NAME = "$(TARGET_NAME)";
				SWIFT_EMIT_LOC_STRINGS = YES;
				SWIFT_VERSION = 5.0;
				TARGETED_DEVICE_FAMILY = "1,2";
			};
			name = Release;
		};
/* End XCBuildConfiguration section */

/* Begin XCConfigurationList section */
		6D73441B2B6247A700470882 /* Build configuration list for PBXProject "Recipify" */ = {
			isa = XCConfigurationList;
			buildConfigurations = (
				6D7344322B6247A900470882 /* Debug */,
				6D7344332B6247A900470882 /* Release */,
			);
			defaultConfigurationIsVisible = 0;
			defaultConfigurationName = Release;
		};
		6D7344342B6247A900470882 /* Build configuration list for PBXNativeTarget "Recipify" */ = {
			isa = XCConfigurationList;
			buildConfigurations = (
				6D7344352B6247A900470882 /* Debug */,
				6D7344362B6247A900470882 /* Release */,
			);
			defaultConfigurationIsVisible = 0;
			defaultConfigurationName = Release;
		};
/* End XCConfigurationList section */

/* Begin XCVersionGroup section */
		6D6016C02B79E96B0028F32F /* recipify.xcdatamodeld */ = {
			isa = XCVersionGroup;
			children = (
				6D6016C12B79E96B0028F32F /* recipify.xcdatamodel */,
			);
			currentVersion = 6D6016C12B79E96B0028F32F /* recipify.xcdatamodel */;
			path = recipify.xcdatamodeld;
			sourceTree = "<group>";
			versionGroupType = wrapper.xcdatamodel;
		};
/* End XCVersionGroup section */
	};
	rootObject = 6D7344182B6247A700470882 /* Project object */;
}
